
Microsoft Visual Studio Solution File, Format Version 12.00
# Visual Studio Version 16
VisualStudioVersion = 16.0.30804.86
MinimumVisualStudioVersion = 10.0.40219.1
Project("{FAE04EC0-301F-11D3-BF4B-00C04F79EFBC}") = "AdmissionApp", "AdmissionApp\AdmissionApp.csproj", "{6E2D3E2D-0359-489F-810E-5120FCEDDDFA}"
EndProject
Project("{FAE04EC0-301F-11D3-BF4B-00C04F79EFBC}") = "DAL", "DAL\DAL.csproj", "{E55622E8-BA4B-478F-BBE9-2C611F5A295B}"
EndProject
Project("{FAE04EC0-301F-11D3-BF4B-00C04F79EFBC}") = "BusinessLogic", "BusinessLogic\BusinessLogic.csproj", "{20440371-5326-44FE-ADCC-4269A77FA6B1}"
EndProject
Project("{FAE04EC0-301F-11D3-BF4B-00C04F79EFBC}") = "DataModel", "DataModel\DataModel.csproj", "{A9A6137A-44D9-41E3-97E1-BC14A48BBBD0}"
EndProject
Global
	GlobalSection(SolutionConfigurationPlatforms) = preSolution
		Debug|Any CPU = Debug|Any CPU
		Release|Any CPU = Release|Any CPU
	EndGlobalSection
	GlobalSection(ProjectConfigurationPlatforms) = postSolution
		{6E2D3E2D-0359-489F-810E-5120FCEDDDFA}.Debug|Any CPU.ActiveCfg = Debug|Any CPU
		{6E2D3E2D-0359-489F-810E-5120FCEDDDFA}.Debug|Any CPU.Build.0 = Debug|Any CPU
		{6E2D3E2D-0359-489F-810E-5120FCEDDDFA}.Release|Any CPU.ActiveCfg = Release|Any CPU
		{6E2D3E2D-0359-489F-810E-5120FCEDDDFA}.Release|Any CPU.Build.0 = Release|Any CPU
		{E55622E8-BA4B-478F-BBE9-2C611F5A295B}.Debug|Any CPU.ActiveCfg = Debug|Any CPU
		{E55622E8-BA4B-478F-BBE9-2C611F5A295B}.Debug|Any CPU.Build.0 = Debug|Any CPU
		{E55622E8-BA4B-478F-BBE9-2C611F5A295B}.Release|Any CPU.ActiveCfg = Release|Any CPU
		{E55622E8-BA4B-478F-BBE9-2C611F5A295B}.Release|Any CPU.Build.0 = Release|Any CPU
		{20440371-5326-44FE-ADCC-4269A77FA6B1}.Debug|Any CPU.ActiveCfg = Debug|Any CPU
		{20440371-5326-44FE-ADCC-4269A77FA6B1}.Debug|Any CPU.Build.0 = Debug|Any CPU
		{20440371-5326-44FE-ADCC-4269A77FA6B1}.Release|Any CPU.ActiveCfg = Release|Any CPU
		{20440371-5326-44FE-ADCC-4269A77FA6B1}.Release|Any CPU.Build.0 = Release|Any CPU
		{A9A6137A-44D9-41E3-97E1-BC14A48BBBD0}.Debug|Any CPU.ActiveCfg = Debug|Any CPU
		{A9A6137A-44D9-41E3-97E1-BC14A48BBBD0}.Debug|Any CPU.Build.0 = Debug|Any CPU
		{A9A6137A-44D9-41E3-97E1-BC14A48BBBD0}.Release|Any CPU.ActiveCfg = Release|Any CPU
		{A9A6137A-44D9-41E3-97E1-BC14A48BBBD0}.Release|Any CPU.Build.0 = Release|Any CPU
	EndGlobalSection
	GlobalSection(SolutionProperties) = preSolution
		HideSolutionNode = FALSE
	EndGlobalSection
	GlobalSection(ExtensibilityGlobals) = postSolution
		SolutionGuid = {89649064-026F-423C-A9C5-9A61D7C924AF}
	EndGlobalSection
EndGlobal
