
Microsoft Visual Studio Solution File, Format Version 12.00
# Visual Studio Version 17
VisualStudioVersion = 17.2.32526.322
MinimumVisualStudioVersion = 10.0.40219.1
Project("{FAE04EC0-301F-11D3-BF4B-00C04F79EFBC}") = "Admission", "Admission\Admission.csproj", "{81499A44-9E70-416A-AD45-9F859CC1B41A}"
EndProject
Project("{FAE04EC0-301F-11D3-BF4B-00C04F79EFBC}") = "DataModel", "..\DataModel\DataModel.csproj", "{30AE2E65-97CD-4F26-8C13-6BC98990E769}"
EndProject
Project("{FAE04EC0-301F-11D3-BF4B-00C04F79EFBC}") = "BusinessLogic", "..\BusinessLogic\BusinessLogic.csproj", "{3FFD432F-2868-4CE9-A15A-1A795B7C61B2}"
EndProject
Project("{FAE04EC0-301F-11D3-BF4B-00C04F79EFBC}") = "DAL", "..\DAL\DAL.csproj", "{A7817BC3-37A0-418A-AD1F-B79701F38E07}"
EndProject
Global
	GlobalSection(SolutionConfigurationPlatforms) = preSolution
		Debug|Any CPU = Debug|Any CPU
		Release|Any CPU = Release|Any CPU
	EndGlobalSection
	GlobalSection(ProjectConfigurationPlatforms) = postSolution
		{81499A44-9E70-416A-AD45-9F859CC1B41A}.Debug|Any CPU.ActiveCfg = Debug|Any CPU
		{81499A44-9E70-416A-AD45-9F859CC1B41A}.Debug|Any CPU.Build.0 = Debug|Any CPU
		{81499A44-9E70-416A-AD45-9F859CC1B41A}.Release|Any CPU.ActiveCfg = Release|Any CPU
		{81499A44-9E70-416A-AD45-9F859CC1B41A}.Release|Any CPU.Build.0 = Release|Any CPU
		{30AE2E65-97CD-4F26-8C13-6BC98990E769}.Debug|Any CPU.ActiveCfg = Debug|Any CPU
		{30AE2E65-97CD-4F26-8C13-6BC98990E769}.Debug|Any CPU.Build.0 = Debug|Any CPU
		{30AE2E65-97CD-4F26-8C13-6BC98990E769}.Release|Any CPU.ActiveCfg = Release|Any CPU
		{30AE2E65-97CD-4F26-8C13-6BC98990E769}.Release|Any CPU.Build.0 = Release|Any CPU
		{3FFD432F-2868-4CE9-A15A-1A795B7C61B2}.Debug|Any CPU.ActiveCfg = Debug|Any CPU
		{3FFD432F-2868-4CE9-A15A-1A795B7C61B2}.Debug|Any CPU.Build.0 = Debug|Any CPU
		{3FFD432F-2868-4CE9-A15A-1A795B7C61B2}.Release|Any CPU.ActiveCfg = Release|Any CPU
		{3FFD432F-2868-4CE9-A15A-1A795B7C61B2}.Release|Any CPU.Build.0 = Release|Any CPU
		{A7817BC3-37A0-418A-AD1F-B79701F38E07}.Debug|Any CPU.ActiveCfg = Debug|Any CPU
		{A7817BC3-37A0-418A-AD1F-B79701F38E07}.Debug|Any CPU.Build.0 = Debug|Any CPU
		{A7817BC3-37A0-418A-AD1F-B79701F38E07}.Release|Any CPU.ActiveCfg = Release|Any CPU
		{A7817BC3-37A0-418A-AD1F-B79701F38E07}.Release|Any CPU.Build.0 = Release|Any CPU
	EndGlobalSection
	GlobalSection(SolutionProperties) = preSolution
		HideSolutionNode = FALSE
	EndGlobalSection
	GlobalSection(ExtensibilityGlobals) = postSolution
		SolutionGuid = {A395AA3B-567A-4992-BA0C-8842B34084B6}
	EndGlobalSection
EndGlobal
